
Microsoft Visual Studio Solution File, Format Version 12.00
# Visual Studio Version 17
VisualStudioVersion = 17.10.34928.147
MinimumVisualStudioVersion = 10.0.40219.1
Project("{FAE04EC0-301F-11D3-BF4B-00C04F79EFBC}") = "verstka prolozhenia", "verstka prolozhenia\verstka prolozhenia.csproj", "{8C80DF90-AF7F-451F-A565-8672BC2DF3C0}"
EndProject
Global
	GlobalSection(SolutionConfigurationPlatforms) = preSolution
		Debug|Any CPU = Debug|Any CPU
		Release|Any CPU = Release|Any CPU
	EndGlobalSection
	GlobalSection(ProjectConfigurationPlatforms) = postSolution
		{8C80DF90-AF7F-451F-A565-8672BC2DF3C0}.Debug|Any CPU.ActiveCfg = Debug|Any CPU
		{8C80DF90-AF7F-451F-A565-8672BC2DF3C0}.Debug|Any CPU.Build.0 = Debug|Any CPU
		{8C80DF90-AF7F-451F-A565-8672BC2DF3C0}.Release|Any CPU.ActiveCfg = Release|Any CPU
		{8C80DF90-AF7F-451F-A565-8672BC2DF3C0}.Release|Any CPU.Build.0 = Release|Any CPU
	EndGlobalSection
	GlobalSection(SolutionProperties) = preSolution
		HideSolutionNode = FALSE
	EndGlobalSection
	GlobalSection(ExtensibilityGlobals) = postSolution
		SolutionGuid = {DEFC8D7A-E4D6-455E-9324-A3B9F3895B32}
	EndGlobalSection
EndGlobal
